schema: '2.0'
stages:
  forecast:
    cmd: python src/forecastkernel/scripts/baseline_sf.py --data 
      data/raw/univariate_example.csv
    deps:
    - path: data/raw/univariate_example.csv
      hash: md5
      md5: 9db006d6516471d031467eb8854b07b1
      size: 1152
    - path: src/forecastkernel/scripts/baseline_sf.py
      hash: md5
      md5: db1b94f27c57d9b49ebb5555aca7fc71
      size: 12108
    outs:
    - path: data/outputs/baseline/audit_log.json
      hash: md5
      md5: 24f18fa9cd892060d3baad7a15414548
      size: 379
    - path: data/outputs/baseline/baseline_forecasts.csv
      hash: md5
      md5: f2ef07ed35a5b71e143520d2c486c44d
      size: 832
    - path: data/outputs/baseline/baseline_metrics.json
      hash: md5
      md5: 5db440cf7cd7eca07bd57fbec54850a6
      size: 1361
    - path: data/outputs/baseline/run_info.json
      hash: md5
      md5: 8b0133b705789b50c5f70a510c015fa1
      size: 160
  check-storage:
    cmd: python src/forecastkernel/scripts/check_storage.py
    deps:
    - path: src/forecastkernel/scripts/check_storage.py
      hash: md5
      md5: 6dfa5adf988f8cd08b090e913ce9a497
      size: 930
