schema: '2.0'
stages:
  forecast:
    cmd: python src/forecastkernel/scripts/baseline_sf.py --data 
      data/raw/univariate_example.csv
    deps:
    - path: data/raw/univariate_example.csv
      hash: md5
      md5: 9db006d6516471d031467eb8854b07b1
      size: 1152
    - path: src/forecastkernel/scripts/baseline_sf.py
      hash: md5
      md5: db1b94f27c57d9b49ebb5555aca7fc71
      size: 12108
    outs:
    - path: data/outputs/baseline/audit_log.json
      hash: md5
      md5: cc3dac14f385da01cdab62ceda29e060
      size: 379
    - path: data/outputs/baseline/baseline_forecasts.csv
      hash: md5
      md5: f2ef07ed35a5b71e143520d2c486c44d
      size: 832
    - path: data/outputs/baseline/baseline_metrics.json
      hash: md5
      md5: 33302cab79a173c00a168da294d15530
      size: 1361
    - path: data/outputs/baseline/run_info.json
      hash: md5
      md5: f162575a8336eeaf55d81343cd8ed1d5
      size: 160
